// !$*UTF8*$!
{
	archiveVersion = 1;
	classes = {
	};
	objectVersion = 56;
	objects = {

/* Begin PBXBuildFile section */
		B21BF1E629CADA2900CFF642 /* WeatherViewController.swift in Sources */ = {isa = PBXBuildFile; fileRef = B21BF1E529CADA2900CFF642 /* WeatherViewController.swift */; };
		B21BF1E829CAE96400CFF642 /* CoreDataStack.swift in Sources */ = {isa = PBXBuildFile; fileRef = B21BF1E729CAE96400CFF642 /* CoreDataStack.swift */; };
		B21BF1EA29CAF3F500CFF642 /* WeatherCollectionViewCell.swift in Sources */ = {isa = PBXBuildFile; fileRef = B21BF1E929CAF3F500CFF642 /* WeatherCollectionViewCell.swift */; };
		B21BF1EC29CAF49C00CFF642 /* WeatherCollectionViewCell.xib in Resources */ = {isa = PBXBuildFile; fileRef = B21BF1EB29CAF49C00CFF642 /* WeatherCollectionViewCell.xib */; };
		B21BF1FB29CB08CD00CFF642 /* LoginViewController.swift in Sources */ = {isa = PBXBuildFile; fileRef = B21BF1FA29CB08CD00CFF642 /* LoginViewController.swift */; };
		B21BF1FD29CB09B400CFF642 /* WeatherDetailViewController.swift in Sources */ = {isa = PBXBuildFile; fileRef = B21BF1FC29CB09B400CFF642 /* WeatherDetailViewController.swift */; };
		B25CDBEE29CACE97007ABB74 /* AppDelegate.swift in Sources */ = {isa = PBXBuildFile; fileRef = B25CDBED29CACE97007ABB74 /* AppDelegate.swift */; };
		B25CDBF029CACE97007ABB74 /* SceneDelegate.swift in Sources */ = {isa = PBXBuildFile; fileRef = B25CDBEF29CACE97007ABB74 /* SceneDelegate.swift */; };
		B25CDBF529CACE97007ABB74 /* Main.storyboard in Resources */ = {isa = PBXBuildFile; fileRef = B25CDBF329CACE97007ABB74 /* Main.storyboard */; };
		B25CDBF729CACE98007ABB74 /* Assets.xcassets in Resources */ = {isa = PBXBuildFile; fileRef = B25CDBF629CACE98007ABB74 /* Assets.xcassets */; };
		B25CDBFA29CACE98007ABB74 /* LaunchScreen.storyboard in Resources */ = {isa = PBXBuildFile; fileRef = B25CDBF829CACE98007ABB74 /* LaunchScreen.storyboard */; };
		B25CDC0229CACF90007ABB74 /* WeatherService.swift in Sources */ = {isa = PBXBuildFile; fileRef = B25CDC0129CACF90007ABB74 /* WeatherService.swift */; };
		B25CDC0429CACFC4007ABB74 /* WeatherForecast.swift in Sources */ = {isa = PBXBuildFile; fileRef = B25CDC0329CACFC4007ABB74 /* WeatherForecast.swift */; };
		B25CDC0629CACFE8007ABB74 /* WeatherViewModel.swift in Sources */ = {isa = PBXBuildFile; fileRef = B25CDC0529CACFE8007ABB74 /* WeatherViewModel.swift */; };
		B25CDC0929CAD08F007ABB74 /* WeatherCoreData.xcdatamodeld in Sources */ = {isa = PBXBuildFile; fileRef = B25CDC0729CAD08F007ABB74 /* WeatherCoreData.xcdatamodeld */; };
		B25CDC0C29CAD148007ABB74 /* ForecastEntity+CoreDataClass.swift in Sources */ = {isa = PBXBuildFile; fileRef = B25CDC0A29CAD148007ABB74 /* ForecastEntity+CoreDataClass.swift */; };
		B25CDC0D29CAD148007ABB74 /* ForecastEntity+CoreDataProperties.swift in Sources */ = {isa = PBXBuildFile; fileRef = B25CDC0B29CAD148007ABB74 /* ForecastEntity+CoreDataProperties.swift */; };
/* End PBXBuildFile section */

/* Begin PBXFileReference section */
		B21BF1E529CADA2900CFF642 /* WeatherViewController.swift */ = {isa = PBXFileReference; lastKnownFileType = sourcecode.swift; path = WeatherViewController.swift; sourceTree = "<group>"; };
		B21BF1E729CAE96400CFF642 /* CoreDataStack.swift */ = {isa = PBXFileReference; lastKnownFileType = sourcecode.swift; path = CoreDataStack.swift; sourceTree = "<group>"; };
		B21BF1E929CAF3F500CFF642 /* WeatherCollectionViewCell.swift */ = {isa = PBXFileReference; lastKnownFileType = sourcecode.swift; path = WeatherCollectionViewCell.swift; sourceTree = "<group>"; };
		B21BF1EB29CAF49C00CFF642 /* WeatherCollectionViewCell.xib */ = {isa = PBXFileReference; lastKnownFileType = file.xib; path = WeatherCollectionViewCell.xib; sourceTree = "<group>"; };
		B21BF1FA29CB08CD00CFF642 /* LoginViewController.swift */ = {isa = PBXFileReference; lastKnownFileType = sourcecode.swift; path = LoginViewController.swift; sourceTree = "<group>"; };
		B21BF1FC29CB09B400CFF642 /* WeatherDetailViewController.swift */ = {isa = PBXFileReference; lastKnownFileType = sourcecode.swift; path = WeatherDetailViewController.swift; sourceTree = "<group>"; };
		B25CDBEA29CACE97007ABB74 /* vpTechiOS.app */ = {isa = PBXFileReference; explicitFileType = wrapper.application; includeInIndex = 0; path = vpTechiOS.app; sourceTree = BUILT_PRODUCTS_DIR; };
		B25CDBED29CACE97007ABB74 /* AppDelegate.swift */ = {isa = PBXFileReference; lastKnownFileType = sourcecode.swift; path = AppDelegate.swift; sourceTree = "<group>"; };
		B25CDBEF29CACE97007ABB74 /* SceneDelegate.swift */ = {isa = PBXFileReference; lastKnownFileType = sourcecode.swift; path = SceneDelegate.swift; sourceTree = "<group>"; };
		B25CDBF429CACE97007ABB74 /* Base */ = {isa = PBXFileReference; lastKnownFileType = file.storyboard; name = Base; path = Base.lproj/Main.storyboard; sourceTree = "<group>"; };
		B25CDBF629CACE98007ABB74 /* Assets.xcassets */ = {isa = PBXFileReference; lastKnownFileType = folder.assetcatalog; path = Assets.xcassets; sourceTree = "<group>"; };
		B25CDBF929CACE98007ABB74 /* Base */ = {isa = PBXFileReference; lastKnownFileType = file.storyboard; name = Base; path = Base.lproj/LaunchScreen.storyboard; sourceTree = "<group>"; };
		B25CDBFB29CACE98007ABB74 /* Info.plist */ = {isa = PBXFileReference; lastKnownFileType = text.plist.xml; path = Info.plist; sourceTree = "<group>"; };
		B25CDC0129CACF90007ABB74 /* WeatherService.swift */ = {isa = PBXFileReference; lastKnownFileType = sourcecode.swift; path = WeatherService.swift; sourceTree = "<group>"; };
		B25CDC0329CACFC4007ABB74 /* WeatherForecast.swift */ = {isa = PBXFileReference; lastKnownFileType = sourcecode.swift; path = WeatherForecast.swift; sourceTree = "<group>"; };
		B25CDC0529CACFE8007ABB74 /* WeatherViewModel.swift */ = {isa = PBXFileReference; lastKnownFileType = sourcecode.swift; path = WeatherViewModel.swift; sourceTree = "<group>"; };
		B25CDC0829CAD08F007ABB74 /* WeatherCoreData.xcdatamodel */ = {isa = PBXFileReference; lastKnownFileType = wrapper.xcdatamodel; path = WeatherCoreData.xcdatamodel; sourceTree = "<group>"; };
		B25CDC0A29CAD148007ABB74 /* ForecastEntity+CoreDataClass.swift */ = {isa = PBXFileReference; lastKnownFileType = sourcecode.swift; path = "ForecastEntity+CoreDataClass.swift"; sourceTree = "<group>"; };
		B25CDC0B29CAD148007ABB74 /* ForecastEntity+CoreDataProperties.swift */ = {isa = PBXFileReference; lastKnownFileType = sourcecode.swift; path = "ForecastEntity+CoreDataProperties.swift"; sourceTree = "<group>"; };
/* End PBXFileReference section */

/* Begin PBXFrameworksBuildPhase section */
		B25CDBE729CACE97007ABB74 /* Frameworks */ = {
			isa = PBXFrameworksBuildPhase;
			buildActionMask = 2147483647;
			files = (
			);
			runOnlyForDeploymentPostprocessing = 0;
		};
/* End PBXFrameworksBuildPhase section */

/* Begin PBXGroup section */
		B21BF1F429CB07A600CFF642 /* Service */ = {
			isa = PBXGroup;
			children = (
				B25CDC0129CACF90007ABB74 /* WeatherService.swift */,
			);
			path = Service;
			sourceTree = "<group>";
		};
		B21BF1F629CB07AF00CFF642 /* View */ = {
			isa = PBXGroup;
			children = (
				B21BF1E529CADA2900CFF642 /* WeatherViewController.swift */,
				B21BF1E929CAF3F500CFF642 /* WeatherCollectionViewCell.swift */,
				B21BF1FA29CB08CD00CFF642 /* LoginViewController.swift */,
				B21BF1FC29CB09B400CFF642 /* WeatherDetailViewController.swift */,
			);
			path = View;
			sourceTree = "<group>";
		};
		B21BF1F729CB07B200CFF642 /* ViewModel */ = {
			isa = PBXGroup;
			children = (
				B25CDC0529CACFE8007ABB74 /* WeatherViewModel.swift */,
			);
			path = ViewModel;
			sourceTree = "<group>";
		};
		B21BF1F829CB07B600CFF642 /* Model */ = {
			isa = PBXGroup;
			children = (
				B25CDC0329CACFC4007ABB74 /* WeatherForecast.swift */,
			);
			path = Model;
			sourceTree = "<group>";
		};
		B21BF1F929CB07B800CFF642 /* Delegate */ = {
			isa = PBXGroup;
			children = (
				B25CDBED29CACE97007ABB74 /* AppDelegate.swift */,
				B25CDBEF29CACE97007ABB74 /* SceneDelegate.swift */,
			);
			path = Delegate;
			sourceTree = "<group>";
		};
		B21BF20229CB778F00CFF642 /* CoreData */ = {
			isa = PBXGroup;
			children = (
				B25CDC0A29CAD148007ABB74 /* ForecastEntity+CoreDataClass.swift */,
				B25CDC0B29CAD148007ABB74 /* ForecastEntity+CoreDataProperties.swift */,
				B21BF1E729CAE96400CFF642 /* CoreDataStack.swift */,
			);
			path = CoreData;
			sourceTree = "<group>";
		};
		B25CDBE129CACE97007ABB74 = {
			isa = PBXGroup;
			children = (
				B25CDBEC29CACE97007ABB74 /* vpTechiOS */,
				B25CDBEB29CACE97007ABB74 /* Products */,
			);
			sourceTree = "<group>";
		};
		B25CDBEB29CACE97007ABB74 /* Products */ = {
			isa = PBXGroup;
			children = (
				B25CDBEA29CACE97007ABB74 /* vpTechiOS.app */,
			);
			name = Products;
			sourceTree = "<group>";
		};
		B25CDBEC29CACE97007ABB74 /* vpTechiOS */ = {
			isa = PBXGroup;
			children = (
				B21BF20229CB778F00CFF642 /* CoreData */,
				B21BF1F929CB07B800CFF642 /* Delegate */,
				B21BF1F829CB07B600CFF642 /* Model */,
				B21BF1F729CB07B200CFF642 /* ViewModel */,
				B21BF1F629CB07AF00CFF642 /* View */,
				B21BF1F429CB07A600CFF642 /* Service */,
				B25CDBF329CACE97007ABB74 /* Main.storyboard */,
				B21BF1EB29CAF49C00CFF642 /* WeatherCollectionViewCell.xib */,
				B25CDC0729CAD08F007ABB74 /* WeatherCoreData.xcdatamodeld */,
				B25CDBF629CACE98007ABB74 /* Assets.xcassets */,
				B25CDBF829CACE98007ABB74 /* LaunchScreen.storyboard */,
				B25CDBFB29CACE98007ABB74 /* Info.plist */,
			);
			path = vpTechiOS;
			sourceTree = "<group>";
		};
/* End PBXGroup section */

/* Begin PBXNativeTarget section */
		B25CDBE929CACE97007ABB74 /* vpTechiOS */ = {
			isa = PBXNativeTarget;
			buildConfigurationList = B25CDBFE29CACE98007ABB74 /* Build configuration list for PBXNativeTarget "vpTechiOS" */;
			buildPhases = (
				B25CDBE629CACE97007ABB74 /* Sources */,
				B25CDBE729CACE97007ABB74 /* Frameworks */,
				B25CDBE829CACE97007ABB74 /* Resources */,
			);
			buildRules = (
			);
			dependencies = (
			);
			name = vpTechiOS;
			productName = vpTechiOS;
			productReference = B25CDBEA29CACE97007ABB74 /* vpTechiOS.app */;
			productType = "com.apple.product-type.application";
		};
/* End PBXNativeTarget section */

/* Begin PBXProject section */
		B25CDBE229CACE97007ABB74 /* Project object */ = {
			isa = PBXProject;
			attributes = {
				BuildIndependentTargetsInParallel = 1;
				LastSwiftUpdateCheck = 1400;
				LastUpgradeCheck = 1400;
				TargetAttributes = {
					B25CDBE929CACE97007ABB74 = {
						CreatedOnToolsVersion = 14.0;
					};
				};
			};
			buildConfigurationList = B25CDBE529CACE97007ABB74 /* Build configuration list for PBXProject "vpTechiOS" */;
			compatibilityVersion = "Xcode 14.0";
			developmentRegion = en;
			hasScannedForEncodings = 0;
			knownRegions = (
				en,
				Base,
			);
			mainGroup = B25CDBE129CACE97007ABB74;
			productRefGroup = B25CDBEB29CACE97007ABB74 /* Products */;
			projectDirPath = "";
			projectRoot = "";
			targets = (
				B25CDBE929CACE97007ABB74 /* vpTechiOS */,
			);
		};
/* End PBXProject section */

/* Begin PBXResourcesBuildPhase section */
		B25CDBE829CACE97007ABB74 /* Resources */ = {
			isa = PBXResourcesBuildPhase;
			buildActionMask = 2147483647;
			files = (
				B21BF1EC29CAF49C00CFF642 /* WeatherCollectionViewCell.xib in Resources */,
				B25CDBFA29CACE98007ABB74 /* LaunchScreen.storyboard in Resources */,
				B25CDBF729CACE98007ABB74 /* Assets.xcassets in Resources */,
				B25CDBF529CACE97007ABB74 /* Main.storyboard in Resources */,
			);
			runOnlyForDeploymentPostprocessing = 0;
		};
/* End PBXResourcesBuildPhase section */

/* Begin PBXSourcesBuildPhase section */
		B25CDBE629CACE97007ABB74 /* Sources */ = {
			isa = PBXSourcesBuildPhase;
			buildActionMask = 2147483647;
			files = (
				B21BF1FB29CB08CD00CFF642 /* LoginViewController.swift in Sources */,
				B21BF1FD29CB09B400CFF642 /* WeatherDetailViewController.swift in Sources */,
				B25CDC0629CACFE8007ABB74 /* WeatherViewModel.swift in Sources */,
				B21BF1E629CADA2900CFF642 /* WeatherViewController.swift in Sources */,
				B25CDC0D29CAD148007ABB74 /* ForecastEntity+CoreDataProperties.swift in Sources */,
				B25CDC0929CAD08F007ABB74 /* WeatherCoreData.xcdatamodeld in Sources */,
				B25CDBEE29CACE97007ABB74 /* AppDelegate.swift in Sources */,
				B21BF1E829CAE96400CFF642 /* CoreDataStack.swift in Sources */,
				B25CDC0229CACF90007ABB74 /* WeatherService.swift in Sources */,
				B25CDC0C29CAD148007ABB74 /* ForecastEntity+CoreDataClass.swift in Sources */,
				B25CDBF029CACE97007ABB74 /* SceneDelegate.swift in Sources */,
				B25CDC0429CACFC4007ABB74 /* WeatherForecast.swift in Sources */,
				B21BF1EA29CAF3F500CFF642 /* WeatherCollectionViewCell.swift in Sources */,
			);
			runOnlyForDeploymentPostprocessing = 0;
		};
/* End PBXSourcesBuildPhase section */

/* Begin PBXVariantGroup section */
		B25CDBF329CACE97007ABB74 /* Main.storyboard */ = {
			isa = PBXVariantGroup;
			children = (
				B25CDBF429CACE97007ABB74 /* Base */,
			);
			name = Main.storyboard;
			sourceTree = "<group>";
		};
		B25CDBF829CACE98007ABB74 /* LaunchScreen.storyboard */ = {
			isa = PBXVariantGroup;
			children = (
				B25CDBF929CACE98007ABB74 /* Base */,
			);
			name = LaunchScreen.storyboard;
			sourceTree = "<group>";
		};
/* End PBXVariantGroup section */

/* Begin XCBuildConfiguration section */
		B25CDBFC29CACE98007ABB74 /* Debug */ = {
			isa = XCBuildConfiguration;
			buildSettings = {
				ALWAYS_SEARCH_USER_PATHS = NO;
				CLANG_ANALYZER_NONNULL = YES;
				CLANG_ANALYZER_NUMBER_OBJECT_CONVERSION = YES_AGGRESSIVE;
				CLANG_CXX_LANGUAGE_STANDARD = "gnu++20";
				CLANG_ENABLE_MODULES = YES;
				CLANG_ENABLE_OBJC_ARC = YES;
				CLANG_ENABLE_OBJC_WEAK = YES;
				CLANG_WARN_BLOCK_CAPTURE_AUTORELEASING = YES;
				CLANG_WARN_BOOL_CONVERSION = YES;
				CLANG_WARN_COMMA = YES;
				CLANG_WARN_CONSTANT_CONVERSION = YES;
				CLANG_WARN_DEPRECATED_OBJC_IMPLEMENTATIONS = YES;
				CLANG_WARN_DIRECT_OBJC_ISA_USAGE = YES_ERROR;
				CLANG_WARN_DOCUMENTATION_COMMENTS = YES;
				CLANG_WARN_EMPTY_BODY = YES;
				CLANG_WARN_ENUM_CONVERSION = YES;
				CLANG_WARN_INFINITE_RECURSION = YES;
				CLANG_WARN_INT_CONVERSION = YES;
				CLANG_WARN_NON_LITERAL_NULL_CONVERSION = YES;
				CLANG_WARN_OBJC_IMPLICIT_RETAIN_SELF = YES;
				CLANG_WARN_OBJC_LITERAL_CONVERSION = YES;
				CLANG_WARN_OBJC_ROOT_CLASS = YES_ERROR;
				CLANG_WARN_QUOTED_INCLUDE_IN_FRAMEWORK_HEADER = YES;
				CLANG_WARN_RANGE_LOOP_ANALYSIS = YES;
				CLANG_WARN_STRICT_PROTOTYPES = YES;
				CLANG_WARN_SUSPICIOUS_MOVE = YES;
				CLANG_WARN_UNGUARDED_AVAILABILITY = YES_AGGRESSIVE;
				CLANG_WARN_UNREACHABLE_CODE = YES;
				CLANG_WARN__DUPLICATE_METHOD_MATCH = YES;
				COPY_PHASE_STRIP = NO;
				DEBUG_INFORMATION_FORMAT = dwarf;
				ENABLE_STRICT_OBJC_MSGSEND = YES;
				ENABLE_TESTABILITY = YES;
				GCC_C_LANGUAGE_STANDARD = gnu11;
				GCC_DYNAMIC_NO_PIC = NO;
				GCC_NO_COMMON_BLOCKS = YES;
				GCC_OPTIMIZATION_LEVEL = 0;
				GCC_PREPROCESSOR_DEFINITIONS = (
					"DEBUG=1",
					"$(inherited)",
				);
				GCC_WARN_64_TO_32_BIT_CONVERSION = YES;
				GCC_WARN_ABOUT_RETURN_TYPE = YES_ERROR;
				GCC_WARN_UNDECLARED_SELECTOR = YES;
				GCC_WARN_UNINITIALIZED_AUTOS = YES_AGGRESSIVE;
				GCC_WARN_UNUSED_FUNCTION = YES;
				GCC_WARN_UNUSED_VARIABLE = YES;
				IPHONEOS_DEPLOYMENT_TARGET = 16.0;
				MTL_ENABLE_DEBUG_INFO = INCLUDE_SOURCE;
				MTL_FAST_MATH = YES;
				ONLY_ACTIVE_ARCH = YES;
				SDKROOT = iphoneos;
				SWIFT_ACTIVE_COMPILATION_CONDITIONS = DEBUG;
				SWIFT_OPTIMIZATION_LEVEL = "-Onone";
			};
			name = Debug;
		};
		B25CDBFD29CACE98007ABB74 /* Release */ = {
			isa = XCBuildConfiguration;
			buildSettings = {
				ALWAYS_SEARCH_USER_PATHS = NO;
				CLANG_ANALYZER_NONNULL = YES;
				CLANG_ANALYZER_NUMBER_OBJECT_CONVERSION = YES_AGGRESSIVE;
				CLANG_CXX_LANGUAGE_STANDARD = "gnu++20";
				CLANG_ENABLE_MODULES = YES;
				CLANG_ENABLE_OBJC_ARC = YES;
				CLANG_ENABLE_OBJC_WEAK = YES;
				CLANG_WARN_BLOCK_CAPTURE_AUTORELEASING = YES;
				CLANG_WARN_BOOL_CONVERSION = YES;
				CLANG_WARN_COMMA = YES;
				CLANG_WARN_CONSTANT_CONVERSION = YES;
				CLANG_WARN_DEPRECATED_OBJC_IMPLEMENTATIONS = YES;
				CLANG_WARN_DIRECT_OBJC_ISA_USAGE = YES_ERROR;
				CLANG_WARN_DOCUMENTATION_COMMENTS = YES;
				CLANG_WARN_EMPTY_BODY = YES;
				CLANG_WARN_ENUM_CONVERSION = YES;
				CLANG_WARN_INFINITE_RECURSION = YES;
				CLANG_WARN_INT_CONVERSION = YES;
				CLANG_WARN_NON_LITERAL_NULL_CONVERSION = YES;
				CLANG_WARN_OBJC_IMPLICIT_RETAIN_SELF = YES;
				CLANG_WARN_OBJC_LITERAL_CONVERSION = YES;
				CLANG_WARN_OBJC_ROOT_CLASS = YES_ERROR;
				CLANG_WARN_QUOTED_INCLUDE_IN_FRAMEWORK_HEADER = YES;
				CLANG_WARN_RANGE_LOOP_ANALYSIS = YES;
				CLANG_WARN_STRICT_PROTOTYPES = YES;
				CLANG_WARN_SUSPICIOUS_MOVE = YES;
				CLANG_WARN_UNGUARDED_AVAILABILITY = YES_AGGRESSIVE;
				CLANG_WARN_UNREACHABLE_CODE = YES;
				CLANG_WARN__DUPLICATE_METHOD_MATCH = YES;
				COPY_PHASE_STRIP = NO;
				DEBUG_INFORMATION_FORMAT = "dwarf-with-dsym";
				ENABLE_NS_ASSERTIONS = NO;
				ENABLE_STRICT_OBJC_MSGSEND = YES;
				GCC_C_LANGUAGE_STANDARD = gnu11;
				GCC_NO_COMMON_BLOCKS = YES;
				GCC_WARN_64_TO_32_BIT_CONVERSION = YES;
				GCC_WARN_ABOUT_RETURN_TYPE = YES_ERROR;
				GCC_WARN_UNDECLARED_SELECTOR = YES;
				GCC_WARN_UNINITIALIZED_AUTOS = YES_AGGRESSIVE;
				GCC_WARN_UNUSED_FUNCTION = YES;
				GCC_WARN_UNUSED_VARIABLE = YES;
				IPHONEOS_DEPLOYMENT_TARGET = 16.0;
				MTL_ENABLE_DEBUG_INFO = NO;
				MTL_FAST_MATH = YES;
				SDKROOT = iphoneos;
				SWIFT_COMPILATION_MODE = wholemodule;
				SWIFT_OPTIMIZATION_LEVEL = "-O";
				VALIDATE_PRODUCT = YES;
			};
			name = Release;
		};
		B25CDBFF29CACE98007ABB74 /* Debug */ = {
			isa = XCBuildConfiguration;
			buildSettings = {
				ASSETCATALOG_COMPILER_APPICON_NAME = AppIcon;
				ASSETCATALOG_COMPILER_GLOBAL_ACCENT_COLOR_NAME = AccentColor;
				CODE_SIGN_STYLE = Automatic;
				CURRENT_PROJECT_VERSION = 1;
				DEVELOPMENT_TEAM = RVUFYQ6N85;
				GENERATE_INFOPLIST_FILE = YES;
				INFOPLIST_FILE = vpTechiOS/Info.plist;
				INFOPLIST_KEY_UIApplicationSupportsIndirectInputEvents = YES;
				INFOPLIST_KEY_UILaunchStoryboardName = LaunchScreen;
				INFOPLIST_KEY_UIMainStoryboardFile = Main;
				INFOPLIST_KEY_UISupportedInterfaceOrientations_iPad = "UIInterfaceOrientationPortrait UIInterfaceOrientationPortraitUpsideDown UIInterfaceOrientationLandscapeLeft UIInterfaceOrientationLandscapeRight";
				INFOPLIST_KEY_UISupportedInterfaceOrientations_iPhone = "UIInterfaceOrientationPortrait UIInterfaceOrientationLandscapeLeft UIInterfaceOrientationLandscapeRight";
				LD_RUNPATH_SEARCH_PATHS = (
					"$(inherited)",
					"@executable_path/Frameworks",
				);
				MARKETING_VERSION = 1.0;
				PRODUCT_BUNDLE_IDENTIFIER = KOVIGROUP.vpTechiOS;
				PRODUCT_NAME = "$(TARGET_NAME)";
				SWIFT_EMIT_LOC_STRINGS = YES;
				SWIFT_VERSION = 5.0;
				TARGETED_DEVICE_FAMILY = "1,2";
			};
			name = Debug;
		};
		B25CDC0029CACE98007ABB74 /* Release */ = {
			isa = XCBuildConfiguration;
			buildSettings = {
				ASSETCATALOG_COMPILER_APPICON_NAME = AppIcon;
				ASSETCATALOG_COMPILER_GLOBAL_ACCENT_COLOR_NAME = AccentColor;
				CODE_SIGN_STYLE = Automatic;
				CURRENT_PROJECT_VERSION = 1;
				DEVELOPMENT_TEAM = RVUFYQ6N85;
				GENERATE_INFOPLIST_FILE = YES;
				INFOPLIST_FILE = vpTechiOS/Info.plist;
				INFOPLIST_KEY_UIApplicationSupportsIndirectInputEvents = YES;
				INFOPLIST_KEY_UILaunchStoryboardName = LaunchScreen;
				INFOPLIST_KEY_UIMainStoryboardFile = Main;
				INFOPLIST_KEY_UISupportedInterfaceOrientations_iPad = "UIInterfaceOrientationPortrait UIInterfaceOrientationPortraitUpsideDown UIInterfaceOrientationLandscapeLeft UIInterfaceOrientationLandscapeRight";
				INFOPLIST_KEY_UISupportedInterfaceOrientations_iPhone = "UIInterfaceOrientationPortrait UIInterfaceOrientationLandscapeLeft UIInterfaceOrientationLandscapeRight";
				LD_RUNPATH_SEARCH_PATHS = (
					"$(inherited)",
					"@executable_path/Frameworks",
				);
				MARKETING_VERSION = 1.0;
				PRODUCT_BUNDLE_IDENTIFIER = KOVIGROUP.vpTechiOS;
				PRODUCT_NAME = "$(TARGET_NAME)";
				SWIFT_EMIT_LOC_STRINGS = YES;
				SWIFT_VERSION = 5.0;
				TARGETED_DEVICE_FAMILY = "1,2";
			};
			name = Release;
		};
/* End XCBuildConfiguration section */

/* Begin XCConfigurationList section */
		B25CDBE529CACE97007ABB74 /* Build configuration list for PBXProject "vpTechiOS" */ = {
			isa = XCConfigurationList;
			buildConfigurations = (
				B25CDBFC29CACE98007ABB74 /* Debug */,
				B25CDBFD29CACE98007ABB74 /* Release */,
			);
			defaultConfigurationIsVisible = 0;
			defaultConfigurationName = Release;
		};
		B25CDBFE29CACE98007ABB74 /* Build configuration list for PBXNativeTarget "vpTechiOS" */ = {
			isa = XCConfigurationList;
			buildConfigurations = (
				B25CDBFF29CACE98007ABB74 /* Debug */,
				B25CDC0029CACE98007ABB74 /* Release */,
			);
			defaultConfigurationIsVisible = 0;
			defaultConfigurationName = Release;
		};
/* End XCConfigurationList section */

/* Begin XCVersionGroup section */
		B25CDC0729CAD08F007ABB74 /* WeatherCoreData.xcdatamodeld */ = {
			isa = XCVersionGroup;
			children = (
				B25CDC0829CAD08F007ABB74 /* WeatherCoreData.xcdatamodel */,
			);
			currentVersion = B25CDC0829CAD08F007ABB74 /* WeatherCoreData.xcdatamodel */;
			path = WeatherCoreData.xcdatamodeld;
			sourceTree = "<group>";
			versionGroupType = wrapper.xcdatamodel;
		};
/* End XCVersionGroup section */
	};
	rootObject = B25CDBE229CACE97007ABB74 /* Project object */;
}
